
Microsoft Visual Studio Solution File, Format Version 12.00
# Visual Studio Version 17
VisualStudioVersion = 17.0.31912.275
MinimumVisualStudioVersion = 10.0.40219.1
Project("{FAE04EC0-301F-11D3-BF4B-00C04F79EFBC}") = "EFCoreDemo", "EFCoreDemo.csproj", "{951953E1-3BB1-4ACB-A4E8-57987B50FE13}"
EndProject
Global
	GlobalSection(SolutionConfigurationPlatforms) = preSolution
		Debug|Any CPU = Debug|Any CPU
		Release|Any CPU = Release|Any CPU
	EndGlobalSection
	GlobalSection(ProjectConfigurationPlatforms) = postSolution
		{951953E1-3BB1-4ACB-A4E8-57987B50FE13}.Debug|Any CPU.ActiveCfg = Debug|Any CPU
		{951953E1-3BB1-4ACB-A4E8-57987B50FE13}.Debug|Any CPU.Build.0 = Debug|Any CPU
		{951953E1-3BB1-4ACB-A4E8-57987B50FE13}.Release|Any CPU.ActiveCfg = Release|Any CPU
		{951953E1-3BB1-4ACB-A4E8-57987B50FE13}.Release|Any CPU.Build.0 = Release|Any CPU
	EndGlobalSection
	GlobalSection(SolutionProperties) = preSolution
		HideSolutionNode = FALSE
	EndGlobalSection
	GlobalSection(ExtensibilityGlobals) = postSolution
		SolutionGuid = {280BFD2C-B3B7-4882-8BE1-70D72C8EC78A}
	EndGlobalSection
EndGlobal
